
Microsoft Visual Studio Solution File, Format Version 11.00
# Visual Studio 2010
Project("{FAE04EC0-301F-11D3-BF4B-00C04F79EFBC}") = "Assembly-CSharp", "Assembly-CSharp.csproj", "{C3206542-4EEC-CC81-8E38-AA57707706BB}"
EndProject
Project("{FAE04EC0-301F-11D3-BF4B-00C04F79EFBC}") = "Assembly-CSharp-Editor", "Assembly-CSharp-Editor.csproj", "{34121D37-42B6-1F02-7B2B-9A3292861D8E}"
EndProject
Global
	GlobalSection(SolutionConfigurationPlatforms) = preSolution
		Debug|Any CPU = Debug|Any CPU
		Release|Any CPU = Release|Any CPU
	EndGlobalSection
	GlobalSection(ProjectConfigurationPlatforms) = postSolution
		{C3206542-4EEC-CC81-8E38-AA57707706BB}.Debug|Any CPU.ActiveCfg = Debug|Any CPU
		{C3206542-4EEC-CC81-8E38-AA57707706BB}.Debug|Any CPU.Build.0 = Debug|Any CPU
		{C3206542-4EEC-CC81-8E38-AA57707706BB}.Release|Any CPU.ActiveCfg = Release|Any CPU
		{C3206542-4EEC-CC81-8E38-AA57707706BB}.Release|Any CPU.Build.0 = Release|Any CPU
		{34121D37-42B6-1F02-7B2B-9A3292861D8E}.Debug|Any CPU.ActiveCfg = Debug|Any CPU
		{34121D37-42B6-1F02-7B2B-9A3292861D8E}.Debug|Any CPU.Build.0 = Debug|Any CPU
		{34121D37-42B6-1F02-7B2B-9A3292861D8E}.Release|Any CPU.ActiveCfg = Release|Any CPU
		{34121D37-42B6-1F02-7B2B-9A3292861D8E}.Release|Any CPU.Build.0 = Release|Any CPU
	EndGlobalSection
	GlobalSection(SolutionProperties) = preSolution
		HideSolutionNode = FALSE
	EndGlobalSection
	GlobalSection(MonoDevelopProperties) = preSolution
		StartupItem = Assembly-CSharp.csproj
	EndGlobalSection
EndGlobal
