
Microsoft Visual Studio Solution File, Format Version 12.00
# Visual Studio 15
Project("{FAE04EC0-301F-11D3-BF4B-00C04F79EFBC}") = "Assembly-CSharp", "Assembly-CSharp.csproj", "{52D17D2C-84BB-225D-3BB1-8E2390ECEA53}"
EndProject
Project("{FAE04EC0-301F-11D3-BF4B-00C04F79EFBC}") = "Assembly-CSharp-Editor", "Assembly-CSharp-Editor.csproj", "{69A95F43-FC0E-36AA-D445-916FD14E27F5}"
EndProject
Global
	GlobalSection(SolutionConfigurationPlatforms) = preSolution
		Debug|Any CPU = Debug|Any CPU
		Release|Any CPU = Release|Any CPU
	EndGlobalSection
	GlobalSection(ProjectConfigurationPlatforms) = postSolution
		{52D17D2C-84BB-225D-3BB1-8E2390ECEA53}.Debug|Any CPU.ActiveCfg = Debug|Any CPU
		{52D17D2C-84BB-225D-3BB1-8E2390ECEA53}.Debug|Any CPU.Build.0 = Debug|Any CPU
		{52D17D2C-84BB-225D-3BB1-8E2390ECEA53}.Release|Any CPU.ActiveCfg = Release|Any CPU
		{52D17D2C-84BB-225D-3BB1-8E2390ECEA53}.Release|Any CPU.Build.0 = Release|Any CPU
		{69A95F43-FC0E-36AA-D445-916FD14E27F5}.Debug|Any CPU.ActiveCfg = Debug|Any CPU
		{69A95F43-FC0E-36AA-D445-916FD14E27F5}.Debug|Any CPU.Build.0 = Debug|Any CPU
		{69A95F43-FC0E-36AA-D445-916FD14E27F5}.Release|Any CPU.ActiveCfg = Release|Any CPU
		{69A95F43-FC0E-36AA-D445-916FD14E27F5}.Release|Any CPU.Build.0 = Release|Any CPU
	EndGlobalSection
	GlobalSection(SolutionProperties) = preSolution
		HideSolutionNode = FALSE
	EndGlobalSection
EndGlobal
